
Microsoft Visual Studio Solution File, Format Version 12.00
# Visual Studio Version 17
VisualStudioVersion = 17.11.35312.102
MinimumVisualStudioVersion = 10.0.40219.1
Project("{9A19103F-16F7-4668-BE54-9A1E7A4F7556}") = "UserAPI", "UserAPI.csproj", "{17AA33B6-80C8-4E9C-A94E-3F0D0D9B90D8}"
EndProject
Project("{FAE04EC0-301F-11D3-BF4B-00C04F79EFBC}") = "UserFRONT", "..\UserFRONT\UserFRONT.csproj", "{D718B48D-E17A-4EB7-A7B0-8D1743104CD8}"
EndProject
Global
	GlobalSection(SolutionConfigurationPlatforms) = preSolution
		Debug|Any CPU = Debug|Any CPU
		Release|Any CPU = Release|Any CPU
	EndGlobalSection
	GlobalSection(ProjectConfigurationPlatforms) = postSolution
		{17AA33B6-80C8-4E9C-A94E-3F0D0D9B90D8}.Debug|Any CPU.ActiveCfg = Debug|Any CPU
		{17AA33B6-80C8-4E9C-A94E-3F0D0D9B90D8}.Debug|Any CPU.Build.0 = Debug|Any CPU
		{17AA33B6-80C8-4E9C-A94E-3F0D0D9B90D8}.Release|Any CPU.ActiveCfg = Release|Any CPU
		{17AA33B6-80C8-4E9C-A94E-3F0D0D9B90D8}.Release|Any CPU.Build.0 = Release|Any CPU
		{D718B48D-E17A-4EB7-A7B0-8D1743104CD8}.Debug|Any CPU.ActiveCfg = Debug|Any CPU
		{D718B48D-E17A-4EB7-A7B0-8D1743104CD8}.Debug|Any CPU.Build.0 = Debug|Any CPU
		{D718B48D-E17A-4EB7-A7B0-8D1743104CD8}.Release|Any CPU.ActiveCfg = Release|Any CPU
		{D718B48D-E17A-4EB7-A7B0-8D1743104CD8}.Release|Any CPU.Build.0 = Release|Any CPU
	EndGlobalSection
	GlobalSection(SolutionProperties) = preSolution
		HideSolutionNode = FALSE
	EndGlobalSection
	GlobalSection(ExtensibilityGlobals) = postSolution
		SolutionGuid = {2EF80CEF-0480-44D9-B4A3-F495CE9C9E91}
	EndGlobalSection
EndGlobal
